
Microsoft Visual Studio Solution File, Format Version 12.00
# Visual Studio 15
VisualStudioVersion = 15.0.28307.106
MinimumVisualStudioVersion = 10.0.40219.1
Project("{FAE04EC0-301F-11D3-BF4B-00C04F79EFBC}") = "Rest", "Rest\Rest.csproj", "{3EE9F12E-083E-4762-9483-DE1B7F37447B}"
EndProject
Project("{FAE04EC0-301F-11D3-BF4B-00C04F79EFBC}") = "Rest.Data", "Rest.Data\Rest.Data.csproj", "{520AA6C2-65D5-464D-A6F1-626401F3CBB3}"
EndProject
Global
	GlobalSection(SolutionConfigurationPlatforms) = preSolution
		Debug|Any CPU = Debug|Any CPU
		Release|Any CPU = Release|Any CPU
	EndGlobalSection
	GlobalSection(ProjectConfigurationPlatforms) = postSolution
		{3EE9F12E-083E-4762-9483-DE1B7F37447B}.Debug|Any CPU.ActiveCfg = Debug|Any CPU
		{3EE9F12E-083E-4762-9483-DE1B7F37447B}.Debug|Any CPU.Build.0 = Debug|Any CPU
		{3EE9F12E-083E-4762-9483-DE1B7F37447B}.Release|Any CPU.ActiveCfg = Release|Any CPU
		{3EE9F12E-083E-4762-9483-DE1B7F37447B}.Release|Any CPU.Build.0 = Release|Any CPU
		{520AA6C2-65D5-464D-A6F1-626401F3CBB3}.Debug|Any CPU.ActiveCfg = Debug|Any CPU
		{520AA6C2-65D5-464D-A6F1-626401F3CBB3}.Debug|Any CPU.Build.0 = Debug|Any CPU
		{520AA6C2-65D5-464D-A6F1-626401F3CBB3}.Release|Any CPU.ActiveCfg = Release|Any CPU
		{520AA6C2-65D5-464D-A6F1-626401F3CBB3}.Release|Any CPU.Build.0 = Release|Any CPU
	EndGlobalSection
	GlobalSection(SolutionProperties) = preSolution
		HideSolutionNode = FALSE
	EndGlobalSection
	GlobalSection(ExtensibilityGlobals) = postSolution
		SolutionGuid = {4EA78D6C-3B6A-48F4-B76B-BCCC3642C64C}
	EndGlobalSection
EndGlobal
